
Microsoft Visual Studio Solution File, Format Version 12.00
# Visual Studio Version 16
VisualStudioVersion = 16.0.31321.278
MinimumVisualStudioVersion = 10.0.40219.1
Project("{FAE04EC0-301F-11D3-BF4B-00C04F79EFBC}") = "JsonToSqlQuery", "JsonToSqlQuery\JsonToSqlQuery.csproj", "{F48352E7-E532-4189-AE5E-55310E9D9268}"
EndProject
Project("{FAE04EC0-301F-11D3-BF4B-00C04F79EFBC}") = "JsonToSqlQuery.Tests", "JsonToSqlQuery.Tests\JsonToSqlQuery.Tests.csproj", "{BA143B88-55D6-484B-A355-B72D131D9614}"
EndProject
Global
	GlobalSection(SolutionConfigurationPlatforms) = preSolution
		Debug|Any CPU = Debug|Any CPU
		Release|Any CPU = Release|Any CPU
	EndGlobalSection
	GlobalSection(ProjectConfigurationPlatforms) = postSolution
		{F48352E7-E532-4189-AE5E-55310E9D9268}.Debug|Any CPU.ActiveCfg = Debug|Any CPU
		{F48352E7-E532-4189-AE5E-55310E9D9268}.Debug|Any CPU.Build.0 = Debug|Any CPU
		{F48352E7-E532-4189-AE5E-55310E9D9268}.Release|Any CPU.ActiveCfg = Release|Any CPU
		{F48352E7-E532-4189-AE5E-55310E9D9268}.Release|Any CPU.Build.0 = Release|Any CPU
		{BA143B88-55D6-484B-A355-B72D131D9614}.Debug|Any CPU.ActiveCfg = Debug|Any CPU
		{BA143B88-55D6-484B-A355-B72D131D9614}.Debug|Any CPU.Build.0 = Debug|Any CPU
		{BA143B88-55D6-484B-A355-B72D131D9614}.Release|Any CPU.ActiveCfg = Release|Any CPU
		{BA143B88-55D6-484B-A355-B72D131D9614}.Release|Any CPU.Build.0 = Release|Any CPU
	EndGlobalSection
	GlobalSection(SolutionProperties) = preSolution
		HideSolutionNode = FALSE
	EndGlobalSection
	GlobalSection(ExtensibilityGlobals) = postSolution
		SolutionGuid = {3CD64BFA-803A-45C0-9407-36E344FCE716}
	EndGlobalSection
EndGlobal
